
Microsoft Visual Studio Solution File, Format Version 12.00
# Visual Studio Version 16
VisualStudioVersion = 16.0.32802.440
MinimumVisualStudioVersion = 10.0.40219.1
Project("{888888A0-9F3D-457C-B088-3A5042F75D52}") = "Random-Password-Generator", "Random-Password-Generator.pyproj", "{F966BA57-E746-4658-B517-BFBB58291298}"
EndProject
Global
	GlobalSection(SolutionConfigurationPlatforms) = preSolution
		Debug|Any CPU = Debug|Any CPU
		Release|Any CPU = Release|Any CPU
	EndGlobalSection
	GlobalSection(ProjectConfigurationPlatforms) = postSolution
		{F966BA57-E746-4658-B517-BFBB58291298}.Debug|Any CPU.ActiveCfg = Debug|Any CPU
		{F966BA57-E746-4658-B517-BFBB58291298}.Release|Any CPU.ActiveCfg = Release|Any CPU
	EndGlobalSection
	GlobalSection(SolutionProperties) = preSolution
		HideSolutionNode = FALSE
	EndGlobalSection
	GlobalSection(ExtensibilityGlobals) = postSolution
		SolutionGuid = {A538677D-D1B8-43BD-82C5-13ABAB1887CF}
	EndGlobalSection
EndGlobal
